// !$*UTF8*$!
{
	archiveVersion = 1;
	classes = {
	};
	objectVersion = 46;
	objects = {

/* Begin PBXBuildFile section */
		21F20C3E19D5BE850088E6CD /* main.m in Sources */ = {isa = PBXBuildFile; fileRef = 21F20C3D19D5BE850088E6CD /* main.m */; };
		21F20C4119D5BE850088E6CD /* AppDelegate.m in Sources */ = {isa = PBXBuildFile; fileRef = 21F20C4019D5BE850088E6CD /* AppDelegate.m */; };
		21F20C4419D5BE850088E6CD /* ViewController.m in Sources */ = {isa = PBXBuildFile; fileRef = 21F20C4319D5BE850088E6CD /* ViewController.m */; };
		21F20C4719D5BE850088E6CD /* Main.storyboard in Resources */ = {isa = PBXBuildFile; fileRef = 21F20C4519D5BE850088E6CD /* Main.storyboard */; };
		21F20C4919D5BE850088E6CD /* Images.xcassets in Resources */ = {isa = PBXBuildFile; fileRef = 21F20C4819D5BE850088E6CD /* Images.xcassets */; };
		21F20C4C19D5BE850088E6CD /* LaunchScreen.xib in Resources */ = {isa = PBXBuildFile; fileRef = 21F20C4A19D5BE850088E6CD /* LaunchScreen.xib */; };
		21F20C5819D5BE860088E6CD /* InterfaceTests.m in Sources */ = {isa = PBXBuildFile; fileRef = 21F20C5719D5BE860088E6CD /* InterfaceTests.m */; };
/* End PBXBuildFile section */

/* Begin PBXContainerItemProxy section */
		21F20C5219D5BE860088E6CD /* PBXContainerItemProxy */ = {
			isa = PBXContainerItemProxy;
			containerPortal = 21F20C3019D5BE850088E6CD /* Project object */;
			proxyType = 1;
			remoteGlobalIDString = 21F20C3719D5BE850088E6CD;
			remoteInfo = Interface;
		};
/* End PBXContainerItemProxy section */

/* Begin PBXFileReference section */
		21F20C3819D5BE850088E6CD /* Interface.app */ = {isa = PBXFileReference; explicitFileType = wrapper.application; includeInIndex = 0; path = Interface.app; sourceTree = BUILT_PRODUCTS_DIR; };
		21F20C3C19D5BE850088E6CD /* Info.plist */ = {isa = PBXFileReference; lastKnownFileType = text.plist.xml; path = Info.plist; sourceTree = "<group>"; };
		21F20C3D19D5BE850088E6CD /* main.m */ = {isa = PBXFileReference; lastKnownFileType = sourcecode.c.objc; path = main.m; sourceTree = "<group>"; };
		21F20C3F19D5BE850088E6CD /* AppDelegate.h */ = {isa = PBXFileReference; lastKnownFileType = sourcecode.c.h; path = AppDelegate.h; sourceTree = "<group>"; };
		21F20C4019D5BE850088E6CD /* AppDelegate.m */ = {isa = PBXFileReference; lastKnownFileType = sourcecode.c.objc; path = AppDelegate.m; sourceTree = "<group>"; };
		21F20C4219D5BE850088E6CD /* ViewController.h */ = {isa = PBXFileReference; lastKnownFileType = sourcecode.c.h; path = ViewController.h; sourceTree = "<group>"; };
		21F20C4319D5BE850088E6CD /* ViewController.m */ = {isa = PBXFileReference; lastKnownFileType = sourcecode.c.objc; path = ViewController.m; sourceTree = "<group>"; };
		21F20C4619D5BE850088E6CD /* Base */ = {isa = PBXFileReference; lastKnownFileType = file.storyboard; name = Base; path = Base.lproj/Main.storyboard; sourceTree = "<group>"; };
		21F20C4819D5BE850088E6CD /* Images.xcassets */ = {isa = PBXFileReference; lastKnownFileType = folder.assetcatalog; path = Images.xcassets; sourceTree = "<group>"; };
		21F20C4B19D5BE850088E6CD /* Base */ = {isa = PBXFileReference; lastKnownFileType = file.xib; name = Base; path = Base.lproj/LaunchScreen.xib; sourceTree = "<group>"; };
		21F20C5119D5BE860088E6CD /* InterfaceTests.xctest */ = {isa = PBXFileReference; explicitFileType = wrapper.cfbundle; includeInIndex = 0; path = InterfaceTests.xctest; sourceTree = BUILT_PRODUCTS_DIR; };
		21F20C5619D5BE860088E6CD /* Info.plist */ = {isa = PBXFileReference; lastKnownFileType = text.plist.xml; path = Info.plist; sourceTree = "<group>"; };
		21F20C5719D5BE860088E6CD /* InterfaceTests.m */ = {isa = PBXFileReference; lastKnownFileType = sourcecode.c.objc; path = InterfaceTests.m; sourceTree = "<group>"; };
/* End PBXFileReference section */

/* Begin PBXFrameworksBuildPhase section */
		21F20C3519D5BE850088E6CD /* Frameworks */ = {
			isa = PBXFrameworksBuildPhase;
			buildActionMask = 2147483647;
			files = (
			);
			runOnlyForDeploymentPostprocessing = 0;
		};
		21F20C4E19D5BE860088E6CD /* Frameworks */ = {
			isa = PBXFrameworksBuildPhase;
			buildActionMask = 2147483647;
			files = (
			);
			runOnlyForDeploymentPostprocessing = 0;
		};
/* End PBXFrameworksBuildPhase section */

/* Begin PBXGroup section */
		21F20C2F19D5BE850088E6CD = {
			isa = PBXGroup;
			children = (
				21F20C3A19D5BE850088E6CD /* Interface */,
				21F20C5419D5BE860088E6CD /* InterfaceTests */,
				21F20C3919D5BE850088E6CD /* Products */,
			);
			sourceTree = "<group>";
		};
		21F20C3919D5BE850088E6CD /* Products */ = {
			isa = PBXGroup;
			children = (
				21F20C3819D5BE850088E6CD /* Interface.app */,
				21F20C5119D5BE860088E6CD /* InterfaceTests.xctest */,
			);
			name = Products;
			sourceTree = "<group>";
		};
		21F20C3A19D5BE850088E6CD /* Interface */ = {
			isa = PBXGroup;
			children = (
				21F20C3F19D5BE850088E6CD /* AppDelegate.h */,
				21F20C4019D5BE850088E6CD /* AppDelegate.m */,
				21F20C4219D5BE850088E6CD /* ViewController.h */,
				21F20C4319D5BE850088E6CD /* ViewController.m */,
				21F20C4519D5BE850088E6CD /* Main.storyboard */,
				21F20C4819D5BE850088E6CD /* Images.xcassets */,
				21F20C4A19D5BE850088E6CD /* LaunchScreen.xib */,
				21F20C3B19D5BE850088E6CD /* Supporting Files */,
			);
			path = Interface;
			sourceTree = "<group>";
		};
		21F20C3B19D5BE850088E6CD /* Supporting Files */ = {
			isa = PBXGroup;
			children = (
				21F20C3C19D5BE850088E6CD /* Info.plist */,
				21F20C3D19D5BE850088E6CD /* main.m */,
			);
			name = "Supporting Files";
			sourceTree = "<group>";
		};
		21F20C5419D5BE860088E6CD /* InterfaceTests */ = {
			isa = PBXGroup;
			children = (
				21F20C5719D5BE860088E6CD /* InterfaceTests.m */,
				21F20C5519D5BE860088E6CD /* Supporting Files */,
			);
			path = InterfaceTests;
			sourceTree = "<group>";
		};
		21F20C5519D5BE860088E6CD /* Supporting Files */ = {
			isa = PBXGroup;
			children = (
				21F20C5619D5BE860088E6CD /* Info.plist */,
			);
			name = "Supporting Files";
			sourceTree = "<group>";
		};
/* End PBXGroup section */

/* Begin PBXNativeTarget section */
		21F20C3719D5BE850088E6CD /* Interface */ = {
			isa = PBXNativeTarget;
			buildConfigurationList = 21F20C5B19D5BE860088E6CD /* Build configuration list for PBXNativeTarget "Interface" */;
			buildPhases = (
				21F20C3419D5BE850088E6CD /* Sources */,
				21F20C3519D5BE850088E6CD /* Frameworks */,
				21F20C3619D5BE850088E6CD /* Resources */,
			);
			buildRules = (
			);
			dependencies = (
			);
			name = Interface;
			productName = Interface;
			productReference = 21F20C3819D5BE850088E6CD /* Interface.app */;
			productType = "com.apple.product-type.application";
		};
		21F20C5019D5BE860088E6CD /* InterfaceTests */ = {
			isa = PBXNativeTarget;
			buildConfigurationList = 21F20C5E19D5BE860088E6CD /* Build configuration list for PBXNativeTarget "InterfaceTests" */;
			buildPhases = (
				21F20C4D19D5BE860088E6CD /* Sources */,
				21F20C4E19D5BE860088E6CD /* Frameworks */,
				21F20C4F19D5BE860088E6CD /* Resources */,
			);
			buildRules = (
			);
			dependencies = (
				21F20C5319D5BE860088E6CD /* PBXTargetDependency */,
			);
			name = InterfaceTests;
			productName = InterfaceTests;
			productReference = 21F20C5119D5BE860088E6CD /* InterfaceTests.xctest */;
			productType = "com.apple.product-type.bundle.unit-test";
		};
/* End PBXNativeTarget section */

/* Begin PBXProject section */
		21F20C3019D5BE850088E6CD /* Project object */ = {
			isa = PBXProject;
			attributes = {
				LastUpgradeCheck = 0600;
				ORGANIZATIONNAME = Effect;
				TargetAttributes = {
					21F20C3719D5BE850088E6CD = {
						CreatedOnToolsVersion = 6.0.1;
					};
					21F20C5019D5BE860088E6CD = {
						CreatedOnToolsVersion = 6.0.1;
						TestTargetID = 21F20C3719D5BE850088E6CD;
					};
				};
			};
			buildConfigurationList = 21F20C3319D5BE850088E6CD /* Build configuration list for PBXProject "Interface" */;
			compatibilityVersion = "Xcode 3.2";
			developmentRegion = English;
			hasScannedForEncodings = 0;
			knownRegions = (
				en,
				Base,
			);
			mainGroup = 21F20C2F19D5BE850088E6CD;
			productRefGroup = 21F20C3919D5BE850088E6CD /* Products */;
			projectDirPath = "";
			projectRoot = "";
			targets = (
				21F20C3719D5BE850088E6CD /* Interface */,
				21F20C5019D5BE860088E6CD /* InterfaceTests */,
			);
		};
/* End PBXProject section */

/* Begin PBXResourcesBuildPhase section */
		21F20C3619D5BE850088E6CD /* Resources */ = {
			isa = PBXResourcesBuildPhase;
			buildActionMask = 2147483647;
			files = (
				21F20C4719D5BE850088E6CD /* Main.storyboard in Resources */,
				21F20C4C19D5BE850088E6CD /* LaunchScreen.xib in Resources */,
				21F20C4919D5BE850088E6CD /* Images.xcassets in Resources */,
			);
			runOnlyForDeploymentPostprocessing = 0;
		};
		21F20C4F19D5BE860088E6CD /* Resources */ = {
			isa = PBXResourcesBuildPhase;
			buildActionMask = 2147483647;
			files = (
			);
			runOnlyForDeploymentPostprocessing = 0;
		};
/* End PBXResourcesBuildPhase section */

/* Begin PBXSourcesBuildPhase section */
		21F20C3419D5BE850088E6CD /* Sources */ = {
			isa = PBXSourcesBuildPhase;
			buildActionMask = 2147483647;
			files = (
				21F20C4419D5BE850088E6CD /* ViewController.m in Sources */,
				21F20C4119D5BE850088E6CD /* AppDelegate.m in Sources */,
				21F20C3E19D5BE850088E6CD /* main.m in Sources */,
			);
			runOnlyForDeploymentPostprocessing = 0;
		};
		21F20C4D19D5BE860088E6CD /* Sources */ = {
			isa = PBXSourcesBuildPhase;
			buildActionMask = 2147483647;
			files = (
				21F20C5819D5BE860088E6CD /* InterfaceTests.m in Sources */,
			);
			runOnlyForDeploymentPostprocessing = 0;
		};
/* End PBXSourcesBuildPhase section */

/* Begin PBXTargetDependency section */
		21F20C5319D5BE860088E6CD /* PBXTargetDependency */ = {
			isa = PBXTargetDependency;
			target = 21F20C3719D5BE850088E6CD /* Interface */;
			targetProxy = 21F20C5219D5BE860088E6CD /* PBXContainerItemProxy */;
		};
/* End PBXTargetDependency section */

/* Begin PBXVariantGroup section */
		21F20C4519D5BE850088E6CD /* Main.storyboard */ = {
			isa = PBXVariantGroup;
			children = (
				21F20C4619D5BE850088E6CD /* Base */,
			);
			name = Main.storyboard;
			sourceTree = "<group>";
		};
		21F20C4A19D5BE850088E6CD /* LaunchScreen.xib */ = {
			isa = PBXVariantGroup;
			children = (
				21F20C4B19D5BE850088E6CD /* Base */,
			);
			name = LaunchScreen.xib;
			sourceTree = "<group>";
		};
/* End PBXVariantGroup section */

/* Begin XCBuildConfiguration section */
		21F20C5919D5BE860088E6CD /* Debug */ = {
			isa = XCBuildConfiguration;
			buildSettings = {
				ALWAYS_SEARCH_USER_PATHS = NO;
				CLANG_CXX_LANGUAGE_STANDARD = "gnu++0x";
				CLANG_CXX_LIBRARY = "libc++";
				CLANG_ENABLE_MODULES = YES;
				CLANG_ENABLE_OBJC_ARC = YES;
				CLANG_WARN_BOOL_CONVERSION = YES;
				CLANG_WARN_CONSTANT_CONVERSION = YES;
				CLANG_WARN_DIRECT_OBJC_ISA_USAGE = YES_ERROR;
				CLANG_WARN_EMPTY_BODY = YES;
				CLANG_WARN_ENUM_CONVERSION = YES;
				CLANG_WARN_INT_CONVERSION = YES;
				CLANG_WARN_OBJC_ROOT_CLASS = YES_ERROR;
				CLANG_WARN_UNREACHABLE_CODE = YES;
				CLANG_WARN__DUPLICATE_METHOD_MATCH = YES;
				"CODE_SIGN_IDENTITY[sdk=iphoneos*]" = "iPhone Developer";
				COPY_PHASE_STRIP = NO;
				ENABLE_STRICT_OBJC_MSGSEND = YES;
				GCC_C_LANGUAGE_STANDARD = gnu99;
				GCC_DYNAMIC_NO_PIC = NO;
				GCC_OPTIMIZATION_LEVEL = 0;
				GCC_PREPROCESSOR_DEFINITIONS = (
					"DEBUG=1",
					"$(inherited)",
				);
				GCC_SYMBOLS_PRIVATE_EXTERN = NO;
				GCC_WARN_64_TO_32_BIT_CONVERSION = YES;
				GCC_WARN_ABOUT_RETURN_TYPE = YES_ERROR;
				GCC_WARN_UNDECLARED_SELECTOR = YES;
				GCC_WARN_UNINITIALIZED_AUTOS = YES_AGGRESSIVE;
				GCC_WARN_UNUSED_FUNCTION = YES;
				GCC_WARN_UNUSED_VARIABLE = YES;
				IPHONEOS_DEPLOYMENT_TARGET = 8.0;
				MTL_ENABLE_DEBUG_INFO = YES;
				ONLY_ACTIVE_ARCH = YES;
				SDKROOT = iphoneos;
			};
			name = Debug;
		};
		21F20C5A19D5BE860088E6CD /* Release */ = {
			isa = XCBuildConfiguration;
			buildSettings = {
				ALWAYS_SEARCH_USER_PATHS = NO;
				CLANG_CXX_LANGUAGE_STANDARD = "gnu++0x";
				CLANG_CXX_LIBRARY = "libc++";
				CLANG_ENABLE_MODULES = YES;
				CLANG_ENABLE_OBJC_ARC = YES;
				CLANG_WARN_BOOL_CONVERSION = YES;
				CLANG_WARN_CONSTANT_CONVERSION = YES;
				CLANG_WARN_DIRECT_OBJC_ISA_USAGE = YES_ERROR;
				CLANG_WARN_EMPTY_BODY = YES;
				CLANG_WARN_ENUM_CONVERSION = YES;
				CLANG_WARN_INT_CONVERSION = YES;
				CLANG_WARN_OBJC_ROOT_CLASS = YES_ERROR;
				CLANG_WARN_UNREACHABLE_CODE = YES;
				CLANG_WARN__DUPLICATE_METHOD_MATCH = YES;
				"CODE_SIGN_IDENTITY[sdk=iphoneos*]" = "iPhone Developer";
				COPY_PHASE_STRIP = YES;
				ENABLE_NS_ASSERTIONS = NO;
				ENABLE_STRICT_OBJC_MSGSEND = YES;
				GCC_C_LANGUAGE_STANDARD = gnu99;
				GCC_WARN_64_TO_32_BIT_CONVERSION = YES;
				GCC_WARN_ABOUT_RETURN_TYPE = YES_ERROR;
				GCC_WARN_UNDECLARED_SELECTOR = YES;
				GCC_WARN_UNINITIALIZED_AUTOS = YES_AGGRESSIVE;
				GCC_WARN_UNUSED_FUNCTION = YES;
				GCC_WARN_UNUSED_VARIABLE = YES;
				IPHONEOS_DEPLOYMENT_TARGET = 8.0;
				MTL_ENABLE_DEBUG_INFO = NO;
				SDKROOT = iphoneos;
				VALIDATE_PRODUCT = YES;
			};
			name = Release;
		};
		21F20C5C19D5BE860088E6CD /* Debug */ = {
			isa = XCBuildConfiguration;
			buildSettings = {
				ASSETCATALOG_COMPILER_APPICON_NAME = AppIcon;
				INFOPLIST_FILE = Interface/Info.plist;
				LD_RUNPATH_SEARCH_PATHS = "$(inherited) @executable_path/Frameworks";
				PRODUCT_NAME = "$(TARGET_NAME)";
			};
			name = Debug;
		};
		21F20C5D19D5BE860088E6CD /* Release */ = {
			isa = XCBuildConfiguration;
			buildSettings = {
				ASSETCATALOG_COMPILER_APPICON_NAME = AppIcon;
				INFOPLIST_FILE = Interface/Info.plist;
				LD_RUNPATH_SEARCH_PATHS = "$(inherited) @executable_path/Frameworks";
				PRODUCT_NAME = "$(TARGET_NAME)";
			};
			name = Release;
		};
		21F20C5F19D5BE860088E6CD /* Debug */ = {
			isa = XCBuildConfiguration;
			buildSettings = {
				BUNDLE_LOADER = "$(TEST_HOST)";
				FRAMEWORK_SEARCH_PATHS = (
					"$(SDKROOT)/Developer/Library/Frameworks",
					"$(inherited)",
				);
				GCC_PREPROCESSOR_DEFINITIONS = (
					"DEBUG=1",
					"$(inherited)",
				);
				INFOPLIST_FILE = InterfaceTests/Info.plist;
				LD_RUNPATH_SEARCH_PATHS = "$(inherited) @executable_path/Frameworks @loader_path/Frameworks";
				PRODUCT_NAME = "$(TARGET_NAME)";
				TEST_HOST = "$(BUILT_PRODUCTS_DIR)/Interface.app/Interface";
			};
			name = Debug;
		};
		21F20C6019D5BE860088E6CD /* Release */ = {
			isa = XCBuildConfiguration;
			buildSettings = {
				BUNDLE_LOADER = "$(TEST_HOST)";
				FRAMEWORK_SEARCH_PATHS = (
					"$(SDKROOT)/Developer/Library/Frameworks",
					"$(inherited)",
				);
				INFOPLIST_FILE = InterfaceTests/Info.plist;
				LD_RUNPATH_SEARCH_PATHS = "$(inherited) @executable_path/Frameworks @loader_path/Frameworks";
				PRODUCT_NAME = "$(TARGET_NAME)";
				TEST_HOST = "$(BUILT_PRODUCTS_DIR)/Interface.app/Interface";
			};
			name = Release;
		};
/* End XCBuildConfiguration section */

/* Begin XCConfigurationList section */
		21F20C3319D5BE850088E6CD /* Build configuration list for PBXProject "Interface" */ = {
			isa = XCConfigurationList;
			buildConfigurations = (
				21F20C5919D5BE860088E6CD /* Debug */,
				21F20C5A19D5BE860088E6CD /* Release */,
			);
			defaultConfigurationIsVisible = 0;
			defaultConfigurationName = Release;
		};
		21F20C5B19D5BE860088E6CD /* Build configuration list for PBXNativeTarget "Interface" */ = {
			isa = XCConfigurationList;
			buildConfigurations = (
				21F20C5C19D5BE860088E6CD /* Debug */,
				21F20C5D19D5BE860088E6CD /* Release */,
			);
			defaultConfigurationIsVisible = 0;
		};
		21F20C5E19D5BE860088E6CD /* Build configuration list for PBXNativeTarget "InterfaceTests" */ = {
			isa = XCConfigurationList;
			buildConfigurations = (
				21F20C5F19D5BE860088E6CD /* Debug */,
				21F20C6019D5BE860088E6CD /* Release */,
			);
			defaultConfigurationIsVisible = 0;
		};
/* End XCConfigurationList section */
	};
	rootObject = 21F20C3019D5BE850088E6CD /* Project object */;
}
