// !$*UTF8*$!
{
	archiveVersion = 1;
	classes = {
	};
	objectVersion = 46;
	objects = {

/* Begin PBXBuildFile section */
		210A7A0819DD0AD600E8E650 /* main.m in Sources */ = {isa = PBXBuildFile; fileRef = 210A7A0719DD0AD600E8E650 /* main.m */; };
		210A7A0B19DD0AD600E8E650 /* AppDelegate.m in Sources */ = {isa = PBXBuildFile; fileRef = 210A7A0A19DD0AD600E8E650 /* AppDelegate.m */; };
		210A7A0E19DD0AD600E8E650 /* ViewController.m in Sources */ = {isa = PBXBuildFile; fileRef = 210A7A0D19DD0AD600E8E650 /* ViewController.m */; };
		210A7A1119DD0AD600E8E650 /* Main.storyboard in Resources */ = {isa = PBXBuildFile; fileRef = 210A7A0F19DD0AD600E8E650 /* Main.storyboard */; };
		210A7A1319DD0AD600E8E650 /* Images.xcassets in Resources */ = {isa = PBXBuildFile; fileRef = 210A7A1219DD0AD600E8E650 /* Images.xcassets */; };
		210A7A1619DD0AD600E8E650 /* LaunchScreen.xib in Resources */ = {isa = PBXBuildFile; fileRef = 210A7A1419DD0AD600E8E650 /* LaunchScreen.xib */; };
		210A7A2219DD0AD600E8E650 /* TableDemoTwoTests.m in Sources */ = {isa = PBXBuildFile; fileRef = 210A7A2119DD0AD600E8E650 /* TableDemoTwoTests.m */; };
		210A7A2C19DD0C4600E8E650 /* courses.plist in Resources */ = {isa = PBXBuildFile; fileRef = 210A7A2B19DD0C4600E8E650 /* courses.plist */; };
/* End PBXBuildFile section */

/* Begin PBXContainerItemProxy section */
		210A7A1C19DD0AD600E8E650 /* PBXContainerItemProxy */ = {
			isa = PBXContainerItemProxy;
			containerPortal = 210A79FA19DD0AD500E8E650 /* Project object */;
			proxyType = 1;
			remoteGlobalIDString = 210A7A0119DD0AD600E8E650;
			remoteInfo = TableDemoTwo;
		};
/* End PBXContainerItemProxy section */

/* Begin PBXFileReference section */
		210A7A0219DD0AD600E8E650 /* TableDemoTwo.app */ = {isa = PBXFileReference; explicitFileType = wrapper.application; includeInIndex = 0; path = TableDemoTwo.app; sourceTree = BUILT_PRODUCTS_DIR; };
		210A7A0619DD0AD600E8E650 /* Info.plist */ = {isa = PBXFileReference; lastKnownFileType = text.plist.xml; path = Info.plist; sourceTree = "<group>"; };
		210A7A0719DD0AD600E8E650 /* main.m */ = {isa = PBXFileReference; lastKnownFileType = sourcecode.c.objc; path = main.m; sourceTree = "<group>"; };
		210A7A0919DD0AD600E8E650 /* AppDelegate.h */ = {isa = PBXFileReference; lastKnownFileType = sourcecode.c.h; path = AppDelegate.h; sourceTree = "<group>"; };
		210A7A0A19DD0AD600E8E650 /* AppDelegate.m */ = {isa = PBXFileReference; lastKnownFileType = sourcecode.c.objc; path = AppDelegate.m; sourceTree = "<group>"; };
		210A7A0C19DD0AD600E8E650 /* ViewController.h */ = {isa = PBXFileReference; lastKnownFileType = sourcecode.c.h; path = ViewController.h; sourceTree = "<group>"; };
		210A7A0D19DD0AD600E8E650 /* ViewController.m */ = {isa = PBXFileReference; lastKnownFileType = sourcecode.c.objc; path = ViewController.m; sourceTree = "<group>"; };
		210A7A1019DD0AD600E8E650 /* Base */ = {isa = PBXFileReference; lastKnownFileType = file.storyboard; name = Base; path = Base.lproj/Main.storyboard; sourceTree = "<group>"; };
		210A7A1219DD0AD600E8E650 /* Images.xcassets */ = {isa = PBXFileReference; lastKnownFileType = folder.assetcatalog; path = Images.xcassets; sourceTree = "<group>"; };
		210A7A1519DD0AD600E8E650 /* Base */ = {isa = PBXFileReference; lastKnownFileType = file.xib; name = Base; path = Base.lproj/LaunchScreen.xib; sourceTree = "<group>"; };
		210A7A1B19DD0AD600E8E650 /* TableDemoTwoTests.xctest */ = {isa = PBXFileReference; explicitFileType = wrapper.cfbundle; includeInIndex = 0; path = TableDemoTwoTests.xctest; sourceTree = BUILT_PRODUCTS_DIR; };
		210A7A2019DD0AD600E8E650 /* Info.plist */ = {isa = PBXFileReference; lastKnownFileType = text.plist.xml; path = Info.plist; sourceTree = "<group>"; };
		210A7A2119DD0AD600E8E650 /* TableDemoTwoTests.m */ = {isa = PBXFileReference; lastKnownFileType = sourcecode.c.objc; path = TableDemoTwoTests.m; sourceTree = "<group>"; };
		210A7A2B19DD0C4600E8E650 /* courses.plist */ = {isa = PBXFileReference; fileEncoding = 4; lastKnownFileType = text.plist.xml; path = courses.plist; sourceTree = "<group>"; };
/* End PBXFileReference section */

/* Begin PBXFrameworksBuildPhase section */
		210A79FF19DD0AD600E8E650 /* Frameworks */ = {
			isa = PBXFrameworksBuildPhase;
			buildActionMask = 2147483647;
			files = (
			);
			runOnlyForDeploymentPostprocessing = 0;
		};
		210A7A1819DD0AD600E8E650 /* Frameworks */ = {
			isa = PBXFrameworksBuildPhase;
			buildActionMask = 2147483647;
			files = (
			);
			runOnlyForDeploymentPostprocessing = 0;
		};
/* End PBXFrameworksBuildPhase section */

/* Begin PBXGroup section */
		210A79F919DD0AD500E8E650 = {
			isa = PBXGroup;
			children = (
				210A7A0419DD0AD600E8E650 /* TableDemoTwo */,
				210A7A1E19DD0AD600E8E650 /* TableDemoTwoTests */,
				210A7A0319DD0AD600E8E650 /* Products */,
			);
			sourceTree = "<group>";
		};
		210A7A0319DD0AD600E8E650 /* Products */ = {
			isa = PBXGroup;
			children = (
				210A7A0219DD0AD600E8E650 /* TableDemoTwo.app */,
				210A7A1B19DD0AD600E8E650 /* TableDemoTwoTests.xctest */,
			);
			name = Products;
			sourceTree = "<group>";
		};
		210A7A0419DD0AD600E8E650 /* TableDemoTwo */ = {
			isa = PBXGroup;
			children = (
				210A7A0919DD0AD600E8E650 /* AppDelegate.h */,
				210A7A0A19DD0AD600E8E650 /* AppDelegate.m */,
				210A7A0C19DD0AD600E8E650 /* ViewController.h */,
				210A7A0D19DD0AD600E8E650 /* ViewController.m */,
				210A7A0F19DD0AD600E8E650 /* Main.storyboard */,
				210A7A1219DD0AD600E8E650 /* Images.xcassets */,
				210A7A1419DD0AD600E8E650 /* LaunchScreen.xib */,
				210A7A0519DD0AD600E8E650 /* Supporting Files */,
			);
			path = TableDemoTwo;
			sourceTree = "<group>";
		};
		210A7A0519DD0AD600E8E650 /* Supporting Files */ = {
			isa = PBXGroup;
			children = (
				210A7A2B19DD0C4600E8E650 /* courses.plist */,
				210A7A0619DD0AD600E8E650 /* Info.plist */,
				210A7A0719DD0AD600E8E650 /* main.m */,
			);
			name = "Supporting Files";
			sourceTree = "<group>";
		};
		210A7A1E19DD0AD600E8E650 /* TableDemoTwoTests */ = {
			isa = PBXGroup;
			children = (
				210A7A2119DD0AD600E8E650 /* TableDemoTwoTests.m */,
				210A7A1F19DD0AD600E8E650 /* Supporting Files */,
			);
			path = TableDemoTwoTests;
			sourceTree = "<group>";
		};
		210A7A1F19DD0AD600E8E650 /* Supporting Files */ = {
			isa = PBXGroup;
			children = (
				210A7A2019DD0AD600E8E650 /* Info.plist */,
			);
			name = "Supporting Files";
			sourceTree = "<group>";
		};
/* End PBXGroup section */

/* Begin PBXNativeTarget section */
		210A7A0119DD0AD600E8E650 /* TableDemoTwo */ = {
			isa = PBXNativeTarget;
			buildConfigurationList = 210A7A2519DD0AD600E8E650 /* Build configuration list for PBXNativeTarget "TableDemoTwo" */;
			buildPhases = (
				210A79FE19DD0AD600E8E650 /* Sources */,
				210A79FF19DD0AD600E8E650 /* Frameworks */,
				210A7A0019DD0AD600E8E650 /* Resources */,
			);
			buildRules = (
			);
			dependencies = (
			);
			name = TableDemoTwo;
			productName = TableDemoTwo;
			productReference = 210A7A0219DD0AD600E8E650 /* TableDemoTwo.app */;
			productType = "com.apple.product-type.application";
		};
		210A7A1A19DD0AD600E8E650 /* TableDemoTwoTests */ = {
			isa = PBXNativeTarget;
			buildConfigurationList = 210A7A2819DD0AD600E8E650 /* Build configuration list for PBXNativeTarget "TableDemoTwoTests" */;
			buildPhases = (
				210A7A1719DD0AD600E8E650 /* Sources */,
				210A7A1819DD0AD600E8E650 /* Frameworks */,
				210A7A1919DD0AD600E8E650 /* Resources */,
			);
			buildRules = (
			);
			dependencies = (
				210A7A1D19DD0AD600E8E650 /* PBXTargetDependency */,
			);
			name = TableDemoTwoTests;
			productName = TableDemoTwoTests;
			productReference = 210A7A1B19DD0AD600E8E650 /* TableDemoTwoTests.xctest */;
			productType = "com.apple.product-type.bundle.unit-test";
		};
/* End PBXNativeTarget section */

/* Begin PBXProject section */
		210A79FA19DD0AD500E8E650 /* Project object */ = {
			isa = PBXProject;
			attributes = {
				LastUpgradeCheck = 0600;
				ORGANIZATIONNAME = Effect;
				TargetAttributes = {
					210A7A0119DD0AD600E8E650 = {
						CreatedOnToolsVersion = 6.0.1;
					};
					210A7A1A19DD0AD600E8E650 = {
						CreatedOnToolsVersion = 6.0.1;
						TestTargetID = 210A7A0119DD0AD600E8E650;
					};
				};
			};
			buildConfigurationList = 210A79FD19DD0AD500E8E650 /* Build configuration list for PBXProject "TableDemoTwo" */;
			compatibilityVersion = "Xcode 3.2";
			developmentRegion = English;
			hasScannedForEncodings = 0;
			knownRegions = (
				en,
				Base,
			);
			mainGroup = 210A79F919DD0AD500E8E650;
			productRefGroup = 210A7A0319DD0AD600E8E650 /* Products */;
			projectDirPath = "";
			projectRoot = "";
			targets = (
				210A7A0119DD0AD600E8E650 /* TableDemoTwo */,
				210A7A1A19DD0AD600E8E650 /* TableDemoTwoTests */,
			);
		};
/* End PBXProject section */

/* Begin PBXResourcesBuildPhase section */
		210A7A0019DD0AD600E8E650 /* Resources */ = {
			isa = PBXResourcesBuildPhase;
			buildActionMask = 2147483647;
			files = (
				210A7A1119DD0AD600E8E650 /* Main.storyboard in Resources */,
				210A7A1619DD0AD600E8E650 /* LaunchScreen.xib in Resources */,
				210A7A1319DD0AD600E8E650 /* Images.xcassets in Resources */,
				210A7A2C19DD0C4600E8E650 /* courses.plist in Resources */,
			);
			runOnlyForDeploymentPostprocessing = 0;
		};
		210A7A1919DD0AD600E8E650 /* Resources */ = {
			isa = PBXResourcesBuildPhase;
			buildActionMask = 2147483647;
			files = (
			);
			runOnlyForDeploymentPostprocessing = 0;
		};
/* End PBXResourcesBuildPhase section */

/* Begin PBXSourcesBuildPhase section */
		210A79FE19DD0AD600E8E650 /* Sources */ = {
			isa = PBXSourcesBuildPhase;
			buildActionMask = 2147483647;
			files = (
				210A7A0E19DD0AD600E8E650 /* ViewController.m in Sources */,
				210A7A0B19DD0AD600E8E650 /* AppDelegate.m in Sources */,
				210A7A0819DD0AD600E8E650 /* main.m in Sources */,
			);
			runOnlyForDeploymentPostprocessing = 0;
		};
		210A7A1719DD0AD600E8E650 /* Sources */ = {
			isa = PBXSourcesBuildPhase;
			buildActionMask = 2147483647;
			files = (
				210A7A2219DD0AD600E8E650 /* TableDemoTwoTests.m in Sources */,
			);
			runOnlyForDeploymentPostprocessing = 0;
		};
/* End PBXSourcesBuildPhase section */

/* Begin PBXTargetDependency section */
		210A7A1D19DD0AD600E8E650 /* PBXTargetDependency */ = {
			isa = PBXTargetDependency;
			target = 210A7A0119DD0AD600E8E650 /* TableDemoTwo */;
			targetProxy = 210A7A1C19DD0AD600E8E650 /* PBXContainerItemProxy */;
		};
/* End PBXTargetDependency section */

/* Begin PBXVariantGroup section */
		210A7A0F19DD0AD600E8E650 /* Main.storyboard */ = {
			isa = PBXVariantGroup;
			children = (
				210A7A1019DD0AD600E8E650 /* Base */,
			);
			name = Main.storyboard;
			sourceTree = "<group>";
		};
		210A7A1419DD0AD600E8E650 /* LaunchScreen.xib */ = {
			isa = PBXVariantGroup;
			children = (
				210A7A1519DD0AD600E8E650 /* Base */,
			);
			name = LaunchScreen.xib;
			sourceTree = "<group>";
		};
/* End PBXVariantGroup section */

/* Begin XCBuildConfiguration section */
		210A7A2319DD0AD600E8E650 /* Debug */ = {
			isa = XCBuildConfiguration;
			buildSettings = {
				ALWAYS_SEARCH_USER_PATHS = NO;
				CLANG_CXX_LANGUAGE_STANDARD = "gnu++0x";
				CLANG_CXX_LIBRARY = "libc++";
				CLANG_ENABLE_MODULES = YES;
				CLANG_ENABLE_OBJC_ARC = YES;
				CLANG_WARN_BOOL_CONVERSION = YES;
				CLANG_WARN_CONSTANT_CONVERSION = YES;
				CLANG_WARN_DIRECT_OBJC_ISA_USAGE = YES_ERROR;
				CLANG_WARN_EMPTY_BODY = YES;
				CLANG_WARN_ENUM_CONVERSION = YES;
				CLANG_WARN_INT_CONVERSION = YES;
				CLANG_WARN_OBJC_ROOT_CLASS = YES_ERROR;
				CLANG_WARN_UNREACHABLE_CODE = YES;
				CLANG_WARN__DUPLICATE_METHOD_MATCH = YES;
				"CODE_SIGN_IDENTITY[sdk=iphoneos*]" = "iPhone Developer";
				COPY_PHASE_STRIP = NO;
				ENABLE_STRICT_OBJC_MSGSEND = YES;
				GCC_C_LANGUAGE_STANDARD = gnu99;
				GCC_DYNAMIC_NO_PIC = NO;
				GCC_OPTIMIZATION_LEVEL = 0;
				GCC_PREPROCESSOR_DEFINITIONS = (
					"DEBUG=1",
					"$(inherited)",
				);
				GCC_SYMBOLS_PRIVATE_EXTERN = NO;
				GCC_WARN_64_TO_32_BIT_CONVERSION = YES;
				GCC_WARN_ABOUT_RETURN_TYPE = YES_ERROR;
				GCC_WARN_UNDECLARED_SELECTOR = YES;
				GCC_WARN_UNINITIALIZED_AUTOS = YES_AGGRESSIVE;
				GCC_WARN_UNUSED_FUNCTION = YES;
				GCC_WARN_UNUSED_VARIABLE = YES;
				IPHONEOS_DEPLOYMENT_TARGET = 8.0;
				MTL_ENABLE_DEBUG_INFO = YES;
				ONLY_ACTIVE_ARCH = YES;
				SDKROOT = iphoneos;
			};
			name = Debug;
		};
		210A7A2419DD0AD600E8E650 /* Release */ = {
			isa = XCBuildConfiguration;
			buildSettings = {
				ALWAYS_SEARCH_USER_PATHS = NO;
				CLANG_CXX_LANGUAGE_STANDARD = "gnu++0x";
				CLANG_CXX_LIBRARY = "libc++";
				CLANG_ENABLE_MODULES = YES;
				CLANG_ENABLE_OBJC_ARC = YES;
				CLANG_WARN_BOOL_CONVERSION = YES;
				CLANG_WARN_CONSTANT_CONVERSION = YES;
				CLANG_WARN_DIRECT_OBJC_ISA_USAGE = YES_ERROR;
				CLANG_WARN_EMPTY_BODY = YES;
				CLANG_WARN_ENUM_CONVERSION = YES;
				CLANG_WARN_INT_CONVERSION = YES;
				CLANG_WARN_OBJC_ROOT_CLASS = YES_ERROR;
				CLANG_WARN_UNREACHABLE_CODE = YES;
				CLANG_WARN__DUPLICATE_METHOD_MATCH = YES;
				"CODE_SIGN_IDENTITY[sdk=iphoneos*]" = "iPhone Developer";
				COPY_PHASE_STRIP = YES;
				ENABLE_NS_ASSERTIONS = NO;
				ENABLE_STRICT_OBJC_MSGSEND = YES;
				GCC_C_LANGUAGE_STANDARD = gnu99;
				GCC_WARN_64_TO_32_BIT_CONVERSION = YES;
				GCC_WARN_ABOUT_RETURN_TYPE = YES_ERROR;
				GCC_WARN_UNDECLARED_SELECTOR = YES;
				GCC_WARN_UNINITIALIZED_AUTOS = YES_AGGRESSIVE;
				GCC_WARN_UNUSED_FUNCTION = YES;
				GCC_WARN_UNUSED_VARIABLE = YES;
				IPHONEOS_DEPLOYMENT_TARGET = 8.0;
				MTL_ENABLE_DEBUG_INFO = NO;
				SDKROOT = iphoneos;
				VALIDATE_PRODUCT = YES;
			};
			name = Release;
		};
		210A7A2619DD0AD600E8E650 /* Debug */ = {
			isa = XCBuildConfiguration;
			buildSettings = {
				ASSETCATALOG_COMPILER_APPICON_NAME = AppIcon;
				INFOPLIST_FILE = TableDemoTwo/Info.plist;
				LD_RUNPATH_SEARCH_PATHS = "$(inherited) @executable_path/Frameworks";
				PRODUCT_NAME = "$(TARGET_NAME)";
			};
			name = Debug;
		};
		210A7A2719DD0AD600E8E650 /* Release */ = {
			isa = XCBuildConfiguration;
			buildSettings = {
				ASSETCATALOG_COMPILER_APPICON_NAME = AppIcon;
				INFOPLIST_FILE = TableDemoTwo/Info.plist;
				LD_RUNPATH_SEARCH_PATHS = "$(inherited) @executable_path/Frameworks";
				PRODUCT_NAME = "$(TARGET_NAME)";
			};
			name = Release;
		};
		210A7A2919DD0AD600E8E650 /* Debug */ = {
			isa = XCBuildConfiguration;
			buildSettings = {
				BUNDLE_LOADER = "$(TEST_HOST)";
				FRAMEWORK_SEARCH_PATHS = (
					"$(SDKROOT)/Developer/Library/Frameworks",
					"$(inherited)",
				);
				GCC_PREPROCESSOR_DEFINITIONS = (
					"DEBUG=1",
					"$(inherited)",
				);
				INFOPLIST_FILE = TableDemoTwoTests/Info.plist;
				LD_RUNPATH_SEARCH_PATHS = "$(inherited) @executable_path/Frameworks @loader_path/Frameworks";
				PRODUCT_NAME = "$(TARGET_NAME)";
				TEST_HOST = "$(BUILT_PRODUCTS_DIR)/TableDemoTwo.app/TableDemoTwo";
			};
			name = Debug;
		};
		210A7A2A19DD0AD600E8E650 /* Release */ = {
			isa = XCBuildConfiguration;
			buildSettings = {
				BUNDLE_LOADER = "$(TEST_HOST)";
				FRAMEWORK_SEARCH_PATHS = (
					"$(SDKROOT)/Developer/Library/Frameworks",
					"$(inherited)",
				);
				INFOPLIST_FILE = TableDemoTwoTests/Info.plist;
				LD_RUNPATH_SEARCH_PATHS = "$(inherited) @executable_path/Frameworks @loader_path/Frameworks";
				PRODUCT_NAME = "$(TARGET_NAME)";
				TEST_HOST = "$(BUILT_PRODUCTS_DIR)/TableDemoTwo.app/TableDemoTwo";
			};
			name = Release;
		};
/* End XCBuildConfiguration section */

/* Begin XCConfigurationList section */
		210A79FD19DD0AD500E8E650 /* Build configuration list for PBXProject "TableDemoTwo" */ = {
			isa = XCConfigurationList;
			buildConfigurations = (
				210A7A2319DD0AD600E8E650 /* Debug */,
				210A7A2419DD0AD600E8E650 /* Release */,
			);
			defaultConfigurationIsVisible = 0;
			defaultConfigurationName = Release;
		};
		210A7A2519DD0AD600E8E650 /* Build configuration list for PBXNativeTarget "TableDemoTwo" */ = {
			isa = XCConfigurationList;
			buildConfigurations = (
				210A7A2619DD0AD600E8E650 /* Debug */,
				210A7A2719DD0AD600E8E650 /* Release */,
			);
			defaultConfigurationIsVisible = 0;
		};
		210A7A2819DD0AD600E8E650 /* Build configuration list for PBXNativeTarget "TableDemoTwoTests" */ = {
			isa = XCConfigurationList;
			buildConfigurations = (
				210A7A2919DD0AD600E8E650 /* Debug */,
				210A7A2A19DD0AD600E8E650 /* Release */,
			);
			defaultConfigurationIsVisible = 0;
		};
/* End XCConfigurationList section */
	};
	rootObject = 210A79FA19DD0AD500E8E650 /* Project object */;
}
